
Microsoft Visual Studio Solution File, Format Version 12.00
# Visual Studio Version 17
VisualStudioVersion = 17.3.32819.101
MinimumVisualStudioVersion = 10.0.40219.1
Project("{FAE04EC0-301F-11D3-BF4B-00C04F79EFBC}") = "L5_EBEAM_1200922", "L5_EBEAM_1200922\L5_EBEAM_1200922.csproj", "{42796B6D-9DB7-40C3-B87E-05E3CB72B2B4}"
EndProject
Global
	GlobalSection(SolutionConfigurationPlatforms) = preSolution
		Debug|Any CPU = Debug|Any CPU
		Release|Any CPU = Release|Any CPU
	EndGlobalSection
	GlobalSection(ProjectConfigurationPlatforms) = postSolution
		{42796B6D-9DB7-40C3-B87E-05E3CB72B2B4}.Debug|Any CPU.ActiveCfg = Debug|Any CPU
		{42796B6D-9DB7-40C3-B87E-05E3CB72B2B4}.Debug|Any CPU.Build.0 = Debug|Any CPU
		{42796B6D-9DB7-40C3-B87E-05E3CB72B2B4}.Release|Any CPU.ActiveCfg = Release|Any CPU
		{42796B6D-9DB7-40C3-B87E-05E3CB72B2B4}.Release|Any CPU.Build.0 = Release|Any CPU
	EndGlobalSection
	GlobalSection(SolutionProperties) = preSolution
		HideSolutionNode = FALSE
	EndGlobalSection
	GlobalSection(ExtensibilityGlobals) = postSolution
		SolutionGuid = {1A70C9E7-63C4-4B19-9C10-2766853351D5}
	EndGlobalSection
EndGlobal
